Microsoft Visual Studio Solution File, Format Version 12.00
# Visual Studio Version 17
VisualStudioVersion = 17.5.2.0
MinimumVisualStudioVersion = 10.0.40219.1
Project("{2150E333-8FDC-42A3-9474-1A3956D46DE8}") = "src", "src", "{827E0CD3-B72D-47B6-A68D-7590B98EB39B}"
EndProject
Project("{FAE04EC0-301F-11D3-BF4B-00C04F79EFBC}") = "Joycon2PC.App", "src\Joycon2PC.App\Joycon2PC.App.csproj", "{E71A8EF9-A829-8147-58D3-EB5C578446F0}"
EndProject
Project("{FAE04EC0-301F-11D3-BF4B-00C04F79EFBC}") = "Joycon2PC.Core", "src\Joycon2PC.Core\Joycon2PC.Core.csproj", "{D72EE091-C3A3-7D97-CC51-1EB2E55BE75B}"
EndProject
Project("{FAE04EC0-301F-11D3-BF4B-00C04F79EFBC}") = "Joycon2PC.ViGEm", "src\Joycon2PC.ViGEm\Joycon2PC.ViGEm.csproj", "{CAAB1A00-649A-A824-FA9A-F11BCCC8050A}"
EndProject
Global
	GlobalSection(SolutionConfigurationPlatforms) = preSolution
		Debug|Any CPU = Debug|Any CPU
		Release|Any CPU = Release|Any CPU
	EndGlobalSection
	GlobalSection(ProjectConfigurationPlatforms) = postSolution
		{E71A8EF9-A829-8147-58D3-EB5C578446F0}.Debug|Any CPU.ActiveCfg = Debug|Any CPU
		{E71A8EF9-A829-8147-58D3-EB5C578446F0}.Debug|Any CPU.Build.0 = Debug|Any CPU
		{E71A8EF9-A829-8147-58D3-EB5C578446F0}.Release|Any CPU.ActiveCfg = Release|Any CPU
		{E71A8EF9-A829-8147-58D3-EB5C578446F0}.Release|Any CPU.Build.0 = Release|Any CPU
		{D72EE091-C3A3-7D97-CC51-1EB2E55BE75B}.Debug|Any CPU.ActiveCfg = Debug|Any CPU
		{D72EE091-C3A3-7D97-CC51-1EB2E55BE75B}.Debug|Any CPU.Build.0 = Debug|Any CPU
		{D72EE091-C3A3-7D97-CC51-1EB2E55BE75B}.Release|Any CPU.ActiveCfg = Release|Any CPU
		{D72EE091-C3A3-7D97-CC51-1EB2E55BE75B}.Release|Any CPU.Build.0 = Release|Any CPU
		{CAAB1A00-649A-A824-FA9A-F11BCCC8050A}.Debug|Any CPU.ActiveCfg = Debug|Any CPU
		{CAAB1A00-649A-A824-FA9A-F11BCCC8050A}.Debug|Any CPU.Build.0 = Debug|Any CPU
		{CAAB1A00-649A-A824-FA9A-F11BCCC8050A}.Release|Any CPU.ActiveCfg = Release|Any CPU
		{CAAB1A00-649A-A824-FA9A-F11BCCC8050A}.Release|Any CPU.Build.0 = Release|Any CPU
	EndGlobalSection
	GlobalSection(SolutionProperties) = preSolution
		HideSolutionNode = FALSE
	EndGlobalSection
	GlobalSection(NestedProjects) = preSolution
		{E71A8EF9-A829-8147-58D3-EB5C578446F0} = {827E0CD3-B72D-47B6-A68D-7590B98EB39B}
		{D72EE091-C3A3-7D97-CC51-1EB2E55BE75B} = {827E0CD3-B72D-47B6-A68D-7590B98EB39B}
		{CAAB1A00-649A-A824-FA9A-F11BCCC8050A} = {827E0CD3-B72D-47B6-A68D-7590B98EB39B}
	EndGlobalSection
	GlobalSection(ExtensibilityGlobals) = postSolution
		SolutionGuid = {0890C4B6-BCE6-4ECA-A873-71284B786262}
	EndGlobalSection
EndGlobal
